
Microsoft Visual Studio Solution File, Format Version 12.00
# Visual Studio Version 16
VisualStudioVersion = 16.0.30611.23
MinimumVisualStudioVersion = 10.0.40219.1
Project("{2150E333-8FDC-42A3-9474-1A3956D46DE8}") = "FoundationClasses", "FoundationClasses", "{FC142216-E82A-49D5-BA94-0619186111E1}"
EndProject
Project("{2150E333-8FDC-42A3-9474-1A3956D46DE8}") = "ModelingAlgorithms", "ModelingAlgorithms", "{66497B01-A094-4552-901A-A410271C0AF9}"
EndProject
Project("{2150E333-8FDC-42A3-9474-1A3956D46DE8}") = "ModelingData", "ModelingData", "{6A844B56-6548-475B-86DC-55EC572550E7}"
EndProject
Project("{2150E333-8FDC-42A3-9474-1A3956D46DE8}") = "Visualization", "Visualization", "{799D10DC-EE5E-48A9-9E02-380889D594DC}"
EndProject
Project("{2150E333-8FDC-42A3-9474-1A3956D46DE8}") = "TKernel", "TKernel", "{99AAC440-5016-44FA-97E6-E21BB8E11B90}"
EndProject
Project("{FAE04EC0-301F-11D3-BF4B-00C04F79EFBC}") = "CascadeSharp.TKernel", "CascadeSharp.TKernel\CascadeSharp.TKernel.csproj", "{3E943544-C8BC-4315-98BB-95B705052FD0}"
EndProject
Project("{2150E333-8FDC-42A3-9474-1A3956D46DE8}") = "TKMath", "TKMath", "{8CFA59E2-C2A2-4F46-A684-E0A1A4912AD3}"
EndProject
Project("{FAE04EC0-301F-11D3-BF4B-00C04F79EFBC}") = "CascadeSharp.TKMath", "CascadeSharp.TKMath\CascadeSharp.TKMath.csproj", "{F2C3BC5B-B27D-494B-A167-774AA6B06284}"
EndProject
Project("{2150E333-8FDC-42A3-9474-1A3956D46DE8}") = "TKG2d", "TKG2d", "{F1D2C144-0F75-451E-8952-46BAB15D336F}"
EndProject
Project("{2150E333-8FDC-42A3-9474-1A3956D46DE8}") = "TKG3d", "TKG3d", "{E1E7FB99-7B78-458F-9BE2-7F5899AFAC7E}"
EndProject
Project("{2150E333-8FDC-42A3-9474-1A3956D46DE8}") = "TKGeomBase", "TKGeomBase", "{FC3B653A-4B0B-4163-BC48-5829B8A9615D}"
EndProject
Project("{FAE04EC0-301F-11D3-BF4B-00C04F79EFBC}") = "CascadeSharp.TKG2d", "CascadeSharp.TKG2d\CascadeSharp.TKG2d.csproj", "{1AB61E5C-1429-4845-A7F0-0A657D79ADC1}"
EndProject
Project("{FAE04EC0-301F-11D3-BF4B-00C04F79EFBC}") = "CascadeSharp.TKG3d", "CascadeSharp.TKG3d\CascadeSharp.TKG3d.csproj", "{9755C93E-C95F-4B12-8F2F-259AAE95FE2B}"
EndProject
Project("{FAE04EC0-301F-11D3-BF4B-00C04F79EFBC}") = "CascadeSharp.TKGeomBase", "CascadeSharp.TKGeomBase\CascadeSharp.TKGeomBase.csproj", "{92531C7C-EF83-4905-B8BA-85FD123B4FC3}"
EndProject
Project("{2150E333-8FDC-42A3-9474-1A3956D46DE8}") = "TKBRep", "TKBRep", "{8300F550-E807-4611-A378-4F957B951360}"
EndProject
Project("{FAE04EC0-301F-11D3-BF4B-00C04F79EFBC}") = "CascadeSharp.TKBRep", "CascadeSharp.TKBRep\CascadeSharp.TKBRep.csproj", "{D3B95B6A-C479-4A4E-999C-A0857715507B}"
EndProject
Project("{2150E333-8FDC-42A3-9474-1A3956D46DE8}") = "TKGeomAlgo", "TKGeomAlgo", "{D59A5377-3CDF-45FC-9946-F8543CEA9DF2}"
EndProject
Project("{FAE04EC0-301F-11D3-BF4B-00C04F79EFBC}") = "CascadeSharp.TKGeomAlgo", "CascadeSharp.TKGeomAlgo\CascadeSharp.TKGeomAlgo.csproj", "{421D24F0-380D-49C7-ABC8-4AD4FB108BE6}"
EndProject
Project("{2150E333-8FDC-42A3-9474-1A3956D46DE8}") = "TKTopAlgo", "TKTopAlgo", "{F8AC61E0-737C-495C-9E2E-827FEA3085E6}"
EndProject
Project("{FAE04EC0-301F-11D3-BF4B-00C04F79EFBC}") = "CascadeSharp.TKTopAlgo", "CascadeSharp.TKTopAlgo\CascadeSharp.TKTopAlgo.csproj", "{1F5198BD-DD0A-445F-80C8-C0DCD9F0743F}"
EndProject
Project("{2150E333-8FDC-42A3-9474-1A3956D46DE8}") = "TKPrim", "TKPrim", "{654C8C28-1DC2-40D8-894A-FF10CE865318}"
EndProject
Project("{FAE04EC0-301F-11D3-BF4B-00C04F79EFBC}") = "CascadeSharp.TKPrim", "CascadeSharp.TKPrim\CascadeSharp.TKPrim.csproj", "{74C26F02-810D-41BF-8170-A15046252AEE}"
EndProject
Project("{2150E333-8FDC-42A3-9474-1A3956D46DE8}") = "TKBO", "TKBO", "{874DCCC5-32FB-4CAC-84B2-FCC4EE6E9C5B}"
EndProject
Project("{FAE04EC0-301F-11D3-BF4B-00C04F79EFBC}") = "CascadeSharp.TKBO", "CascadeSharp.TKBO\CascadeSharp.TKBO.csproj", "{A83C0B9B-E994-42A3-AEDF-DF6D428ACF9D}"
EndProject
Project("{2150E333-8FDC-42A3-9474-1A3956D46DE8}") = "TKBool", "TKBool", "{49CEACF2-5FD3-48B3-B192-133B056DC4CD}"
EndProject
Project("{FAE04EC0-301F-11D3-BF4B-00C04F79EFBC}") = "CascadeSharp.TKBool", "CascadeSharp.TKBool\CascadeSharp.TKBool.csproj", "{44609A84-073C-44A0-80D4-A83B9CD44B4A}"
EndProject
Project("{2150E333-8FDC-42A3-9474-1A3956D46DE8}") = "TKFeat", "TKFeat", "{17B5B38F-F216-48DC-B60C-3D2F9AE385F1}"
EndProject
Project("{FAE04EC0-301F-11D3-BF4B-00C04F79EFBC}") = "CascadeSharp.TKFeat", "CascadeSharp.TKFeat\CascadeSharp.TKFeat.csproj", "{A31A5975-A1A3-4E12-B495-F45768F53FF9}"
EndProject
Project("{2150E333-8FDC-42A3-9474-1A3956D46DE8}") = "TKShHealing", "TKShHealing", "{4701E4C2-7565-41CE-A383-EEFE3491A84A}"
EndProject
Project("{FAE04EC0-301F-11D3-BF4B-00C04F79EFBC}") = "CascadeSharp.TKShHealing", "CascadeSharp.TKShHealing\CascadeSharp.TKShHealing.csproj", "{CABF1CA2-ED2D-48A5-BEAA-D26F59BD3E68}"
EndProject
Project("{2150E333-8FDC-42A3-9474-1A3956D46DE8}") = "TKFillet", "TKFillet", "{7213AF3D-5AB6-4EF6-8FE7-BE677D6AADEE}"
EndProject
Project("{FAE04EC0-301F-11D3-BF4B-00C04F79EFBC}") = "CascadeSharp.TKFillet", "CascadeSharp.TKFillet\CascadeSharp.TKFillet.csproj", "{1307E7CC-5C96-439D-8E68-CA4982972915}"
EndProject
Project("{2150E333-8FDC-42A3-9474-1A3956D46DE8}") = "TKOffset", "TKOffset", "{916508B2-7C95-4B5A-B392-0A01F1A2F4E3}"
EndProject
Project("{FAE04EC0-301F-11D3-BF4B-00C04F79EFBC}") = "CascadeSharp.TKOffset", "CascadeSharp.TKOffset\CascadeSharp.TKOffset.csproj", "{C40ACE88-2686-4953-88D0-83B310C8E8F8}"
EndProject
Global
	GlobalSection(SolutionConfigurationPlatforms) = preSolution
		Debug|Any CPU = Debug|Any CPU
		Release|Any CPU = Release|Any CPU
	EndGlobalSection
	GlobalSection(ProjectConfigurationPlatforms) = postSolution
		{3E943544-C8BC-4315-98BB-95B705052FD0}.Debug|Any CPU.ActiveCfg = Debug|Any CPU
		{3E943544-C8BC-4315-98BB-95B705052FD0}.Debug|Any CPU.Build.0 = Debug|Any CPU
		{3E943544-C8BC-4315-98BB-95B705052FD0}.Release|Any CPU.ActiveCfg = Release|Any CPU
		{3E943544-C8BC-4315-98BB-95B705052FD0}.Release|Any CPU.Build.0 = Release|Any CPU
		{F2C3BC5B-B27D-494B-A167-774AA6B06284}.Debug|Any CPU.ActiveCfg = Debug|Any CPU
		{F2C3BC5B-B27D-494B-A167-774AA6B06284}.Debug|Any CPU.Build.0 = Debug|Any CPU
		{F2C3BC5B-B27D-494B-A167-774AA6B06284}.Release|Any CPU.ActiveCfg = Release|Any CPU
		{F2C3BC5B-B27D-494B-A167-774AA6B06284}.Release|Any CPU.Build.0 = Release|Any CPU
		{1AB61E5C-1429-4845-A7F0-0A657D79ADC1}.Debug|Any CPU.ActiveCfg = Debug|Any CPU
		{1AB61E5C-1429-4845-A7F0-0A657D79ADC1}.Debug|Any CPU.Build.0 = Debug|Any CPU
		{1AB61E5C-1429-4845-A7F0-0A657D79ADC1}.Release|Any CPU.ActiveCfg = Release|Any CPU
		{1AB61E5C-1429-4845-A7F0-0A657D79ADC1}.Release|Any CPU.Build.0 = Release|Any CPU
		{9755C93E-C95F-4B12-8F2F-259AAE95FE2B}.Debug|Any CPU.ActiveCfg = Debug|Any CPU
		{9755C93E-C95F-4B12-8F2F-259AAE95FE2B}.Debug|Any CPU.Build.0 = Debug|Any CPU
		{9755C93E-C95F-4B12-8F2F-259AAE95FE2B}.Release|Any CPU.ActiveCfg = Release|Any CPU
		{9755C93E-C95F-4B12-8F2F-259AAE95FE2B}.Release|Any CPU.Build.0 = Release|Any CPU
		{92531C7C-EF83-4905-B8BA-85FD123B4FC3}.Debug|Any CPU.ActiveCfg = Debug|Any CPU
		{92531C7C-EF83-4905-B8BA-85FD123B4FC3}.Debug|Any CPU.Build.0 = Debug|Any CPU
		{92531C7C-EF83-4905-B8BA-85FD123B4FC3}.Release|Any CPU.ActiveCfg = Release|Any CPU
		{92531C7C-EF83-4905-B8BA-85FD123B4FC3}.Release|Any CPU.Build.0 = Release|Any CPU
		{D3B95B6A-C479-4A4E-999C-A0857715507B}.Debug|Any CPU.ActiveCfg = Debug|Any CPU
		{D3B95B6A-C479-4A4E-999C-A0857715507B}.Debug|Any CPU.Build.0 = Debug|Any CPU
		{D3B95B6A-C479-4A4E-999C-A0857715507B}.Release|Any CPU.ActiveCfg = Release|Any CPU
		{D3B95B6A-C479-4A4E-999C-A0857715507B}.Release|Any CPU.Build.0 = Release|Any CPU
		{421D24F0-380D-49C7-ABC8-4AD4FB108BE6}.Debug|Any CPU.ActiveCfg = Debug|Any CPU
		{421D24F0-380D-49C7-ABC8-4AD4FB108BE6}.Debug|Any CPU.Build.0 = Debug|Any CPU
		{421D24F0-380D-49C7-ABC8-4AD4FB108BE6}.Release|Any CPU.ActiveCfg = Release|Any CPU
		{421D24F0-380D-49C7-ABC8-4AD4FB108BE6}.Release|Any CPU.Build.0 = Release|Any CPU
		{1F5198BD-DD0A-445F-80C8-C0DCD9F0743F}.Debug|Any CPU.ActiveCfg = Debug|Any CPU
		{1F5198BD-DD0A-445F-80C8-C0DCD9F0743F}.Debug|Any CPU.Build.0 = Debug|Any CPU
		{1F5198BD-DD0A-445F-80C8-C0DCD9F0743F}.Release|Any CPU.ActiveCfg = Release|Any CPU
		{1F5198BD-DD0A-445F-80C8-C0DCD9F0743F}.Release|Any CPU.Build.0 = Release|Any CPU
		{74C26F02-810D-41BF-8170-A15046252AEE}.Debug|Any CPU.ActiveCfg = Debug|Any CPU
		{74C26F02-810D-41BF-8170-A15046252AEE}.Debug|Any CPU.Build.0 = Debug|Any CPU
		{74C26F02-810D-41BF-8170-A15046252AEE}.Release|Any CPU.ActiveCfg = Release|Any CPU
		{74C26F02-810D-41BF-8170-A15046252AEE}.Release|Any CPU.Build.0 = Release|Any CPU
		{A83C0B9B-E994-42A3-AEDF-DF6D428ACF9D}.Debug|Any CPU.ActiveCfg = Debug|Any CPU
		{A83C0B9B-E994-42A3-AEDF-DF6D428ACF9D}.Debug|Any CPU.Build.0 = Debug|Any CPU
		{A83C0B9B-E994-42A3-AEDF-DF6D428ACF9D}.Release|Any CPU.ActiveCfg = Release|Any CPU
		{A83C0B9B-E994-42A3-AEDF-DF6D428ACF9D}.Release|Any CPU.Build.0 = Release|Any CPU
		{44609A84-073C-44A0-80D4-A83B9CD44B4A}.Debug|Any CPU.ActiveCfg = Debug|Any CPU
		{44609A84-073C-44A0-80D4-A83B9CD44B4A}.Debug|Any CPU.Build.0 = Debug|Any CPU
		{44609A84-073C-44A0-80D4-A83B9CD44B4A}.Release|Any CPU.ActiveCfg = Release|Any CPU
		{44609A84-073C-44A0-80D4-A83B9CD44B4A}.Release|Any CPU.Build.0 = Release|Any CPU
		{A31A5975-A1A3-4E12-B495-F45768F53FF9}.Debug|Any CPU.ActiveCfg = Debug|Any CPU
		{A31A5975-A1A3-4E12-B495-F45768F53FF9}.Debug|Any CPU.Build.0 = Debug|Any CPU
		{A31A5975-A1A3-4E12-B495-F45768F53FF9}.Release|Any CPU.ActiveCfg = Release|Any CPU
		{A31A5975-A1A3-4E12-B495-F45768F53FF9}.Release|Any CPU.Build.0 = Release|Any CPU
		{CABF1CA2-ED2D-48A5-BEAA-D26F59BD3E68}.Debug|Any CPU.ActiveCfg = Debug|Any CPU
		{CABF1CA2-ED2D-48A5-BEAA-D26F59BD3E68}.Debug|Any CPU.Build.0 = Debug|Any CPU
		{CABF1CA2-ED2D-48A5-BEAA-D26F59BD3E68}.Release|Any CPU.ActiveCfg = Release|Any CPU
		{CABF1CA2-ED2D-48A5-BEAA-D26F59BD3E68}.Release|Any CPU.Build.0 = Release|Any CPU
		{1307E7CC-5C96-439D-8E68-CA4982972915}.Debug|Any CPU.ActiveCfg = Debug|Any CPU
		{1307E7CC-5C96-439D-8E68-CA4982972915}.Debug|Any CPU.Build.0 = Debug|Any CPU
		{1307E7CC-5C96-439D-8E68-CA4982972915}.Release|Any CPU.ActiveCfg = Release|Any CPU
		{1307E7CC-5C96-439D-8E68-CA4982972915}.Release|Any CPU.Build.0 = Release|Any CPU
		{C40ACE88-2686-4953-88D0-83B310C8E8F8}.Debug|Any CPU.ActiveCfg = Debug|Any CPU
		{C40ACE88-2686-4953-88D0-83B310C8E8F8}.Debug|Any CPU.Build.0 = Debug|Any CPU
		{C40ACE88-2686-4953-88D0-83B310C8E8F8}.Release|Any CPU.ActiveCfg = Release|Any CPU
		{C40ACE88-2686-4953-88D0-83B310C8E8F8}.Release|Any CPU.Build.0 = Release|Any CPU
	EndGlobalSection
	GlobalSection(SolutionProperties) = preSolution
		HideSolutionNode = FALSE
	EndGlobalSection
	GlobalSection(NestedProjects) = preSolution
		{99AAC440-5016-44FA-97E6-E21BB8E11B90} = {FC142216-E82A-49D5-BA94-0619186111E1}
		{3E943544-C8BC-4315-98BB-95B705052FD0} = {99AAC440-5016-44FA-97E6-E21BB8E11B90}
		{8CFA59E2-C2A2-4F46-A684-E0A1A4912AD3} = {FC142216-E82A-49D5-BA94-0619186111E1}
		{F2C3BC5B-B27D-494B-A167-774AA6B06284} = {8CFA59E2-C2A2-4F46-A684-E0A1A4912AD3}
		{F1D2C144-0F75-451E-8952-46BAB15D336F} = {6A844B56-6548-475B-86DC-55EC572550E7}
		{E1E7FB99-7B78-458F-9BE2-7F5899AFAC7E} = {6A844B56-6548-475B-86DC-55EC572550E7}
		{FC3B653A-4B0B-4163-BC48-5829B8A9615D} = {6A844B56-6548-475B-86DC-55EC572550E7}
		{1AB61E5C-1429-4845-A7F0-0A657D79ADC1} = {F1D2C144-0F75-451E-8952-46BAB15D336F}
		{9755C93E-C95F-4B12-8F2F-259AAE95FE2B} = {E1E7FB99-7B78-458F-9BE2-7F5899AFAC7E}
		{92531C7C-EF83-4905-B8BA-85FD123B4FC3} = {FC3B653A-4B0B-4163-BC48-5829B8A9615D}
		{8300F550-E807-4611-A378-4F957B951360} = {6A844B56-6548-475B-86DC-55EC572550E7}
		{D3B95B6A-C479-4A4E-999C-A0857715507B} = {8300F550-E807-4611-A378-4F957B951360}
		{D59A5377-3CDF-45FC-9946-F8543CEA9DF2} = {66497B01-A094-4552-901A-A410271C0AF9}
		{421D24F0-380D-49C7-ABC8-4AD4FB108BE6} = {D59A5377-3CDF-45FC-9946-F8543CEA9DF2}
		{F8AC61E0-737C-495C-9E2E-827FEA3085E6} = {66497B01-A094-4552-901A-A410271C0AF9}
		{1F5198BD-DD0A-445F-80C8-C0DCD9F0743F} = {F8AC61E0-737C-495C-9E2E-827FEA3085E6}
		{654C8C28-1DC2-40D8-894A-FF10CE865318} = {66497B01-A094-4552-901A-A410271C0AF9}
		{74C26F02-810D-41BF-8170-A15046252AEE} = {654C8C28-1DC2-40D8-894A-FF10CE865318}
		{874DCCC5-32FB-4CAC-84B2-FCC4EE6E9C5B} = {66497B01-A094-4552-901A-A410271C0AF9}
		{A83C0B9B-E994-42A3-AEDF-DF6D428ACF9D} = {874DCCC5-32FB-4CAC-84B2-FCC4EE6E9C5B}
		{49CEACF2-5FD3-48B3-B192-133B056DC4CD} = {66497B01-A094-4552-901A-A410271C0AF9}
		{44609A84-073C-44A0-80D4-A83B9CD44B4A} = {49CEACF2-5FD3-48B3-B192-133B056DC4CD}
		{17B5B38F-F216-48DC-B60C-3D2F9AE385F1} = {66497B01-A094-4552-901A-A410271C0AF9}
		{A31A5975-A1A3-4E12-B495-F45768F53FF9} = {17B5B38F-F216-48DC-B60C-3D2F9AE385F1}
		{4701E4C2-7565-41CE-A383-EEFE3491A84A} = {66497B01-A094-4552-901A-A410271C0AF9}
		{CABF1CA2-ED2D-48A5-BEAA-D26F59BD3E68} = {4701E4C2-7565-41CE-A383-EEFE3491A84A}
		{7213AF3D-5AB6-4EF6-8FE7-BE677D6AADEE} = {66497B01-A094-4552-901A-A410271C0AF9}
		{1307E7CC-5C96-439D-8E68-CA4982972915} = {7213AF3D-5AB6-4EF6-8FE7-BE677D6AADEE}
		{916508B2-7C95-4B5A-B392-0A01F1A2F4E3} = {66497B01-A094-4552-901A-A410271C0AF9}
		{C40ACE88-2686-4953-88D0-83B310C8E8F8} = {916508B2-7C95-4B5A-B392-0A01F1A2F4E3}
	EndGlobalSection
	GlobalSection(ExtensibilityGlobals) = postSolution
		SolutionGuid = {54E5AF8B-54F6-421E-94A3-DB6C0813F82C}
	EndGlobalSection
EndGlobal
